
Microsoft Visual Studio Solution File, Format Version 12.00
# Visual Studio Version 17
VisualStudioVersion = 17.5.33516.290
MinimumVisualStudioVersion = 10.0.40219.1
Project("{FAE04EC0-301F-11D3-BF4B-00C04F79EFBC}") = "UmbracoProject_1", "UmbracoProject_1.csproj", "{12E4C840-A54D-4D56-82A5-749ABEC5C799}"
EndProject
Global
	GlobalSection(SolutionConfigurationPlatforms) = preSolution
		Debug|Any CPU = Debug|Any CPU
		Release|Any CPU = Release|Any CPU
	EndGlobalSection
	GlobalSection(ProjectConfigurationPlatforms) = postSolution
		{12E4C840-A54D-4D56-82A5-749ABEC5C799}.Debug|Any CPU.ActiveCfg = Debug|Any CPU
		{12E4C840-A54D-4D56-82A5-749ABEC5C799}.Debug|Any CPU.Build.0 = Debug|Any CPU
		{12E4C840-A54D-4D56-82A5-749ABEC5C799}.Release|Any CPU.ActiveCfg = Release|Any CPU
		{12E4C840-A54D-4D56-82A5-749ABEC5C799}.Release|Any CPU.Build.0 = Release|Any CPU
	EndGlobalSection
	GlobalSection(SolutionProperties) = preSolution
		HideSolutionNode = FALSE
	EndGlobalSection
	GlobalSection(ExtensibilityGlobals) = postSolution
		SolutionGuid = {462E98E8-C6E3-4EB5-AE28-E4E47F3DFDC8}
	EndGlobalSection
EndGlobal
